
Microsoft Visual Studio Solution File, Format Version 12.00
# Visual Studio 2012
Project("{FAE04EC0-301F-11D3-BF4B-00C04F79EFBC}") = "GoogleAPIs", "GoogleAPIs.csproj", "{AC793E46-ACE3-4832-A59C-BE582A0D2610}"
EndProject
Global
	GlobalSection(SolutionConfigurationPlatforms) = preSolution
		Debug|Any CPU = Debug|Any CPU
		Release|Any CPU = Release|Any CPU
	EndGlobalSection
	GlobalSection(ProjectConfigurationPlatforms) = postSolution
		{AC793E46-ACE3-4832-A59C-BE582A0D2610}.Debug|Any CPU.ActiveCfg = Debug|Any CPU
		{AC793E46-ACE3-4832-A59C-BE582A0D2610}.Debug|Any CPU.Build.0 = Debug|Any CPU
		{AC793E46-ACE3-4832-A59C-BE582A0D2610}.Release|Any CPU.ActiveCfg = Release|Any CPU
		{AC793E46-ACE3-4832-A59C-BE582A0D2610}.Release|Any CPU.Build.0 = Release|Any CPU
	EndGlobalSection
	GlobalSection(SolutionProperties) = preSolution
		HideSolutionNode = FALSE
	EndGlobalSection
EndGlobal
